// !$*UTF8*$!
{
	archiveVersion = 1;
	classes = {
	};
	objectVersion = 55;
	objects = {

/* Begin PBXBuildFile section */
		5AAE86C6287918750038B6EB /* LandMarkApp.swift in Sources */ = {isa = PBXBuildFile; fileRef = 5AAE86C5287918750038B6EB /* LandMarkApp.swift */; };
		5AAE86C8287918750038B6EB /* ContentView.swift in Sources */ = {isa = PBXBuildFile; fileRef = 5AAE86C7287918750038B6EB /* ContentView.swift */; };
		5AAE86CA287918770038B6EB /* Assets.xcassets in Resources */ = {isa = PBXBuildFile; fileRef = 5AAE86C9287918770038B6EB /* Assets.xcassets */; };
		5AAE86CD287918770038B6EB /* Preview Assets.xcassets in Resources */ = {isa = PBXBuildFile; fileRef = 5AAE86CC287918770038B6EB /* Preview Assets.xcassets */; };
		5AAE86D7287918770038B6EB /* LandMarkTests.swift in Sources */ = {isa = PBXBuildFile; fileRef = 5AAE86D6287918770038B6EB /* LandMarkTests.swift */; };
		5AAE86E1287918770038B6EB /* LandMarkUITests.swift in Sources */ = {isa = PBXBuildFile; fileRef = 5AAE86E0287918770038B6EB /* LandMarkUITests.swift */; };
		5AAE86E3287918770038B6EB /* LandMarkUITestsLaunchTests.swift in Sources */ = {isa = PBXBuildFile; fileRef = 5AAE86E2287918770038B6EB /* LandMarkUITestsLaunchTests.swift */; };
		5AAE86F0287920130038B6EB /* CircleImage.swift in Sources */ = {isa = PBXBuildFile; fileRef = 5AAE86EF287920120038B6EB /* CircleImage.swift */; };
		5AAE86F2287921990038B6EB /* MapView.swift in Sources */ = {isa = PBXBuildFile; fileRef = 5AAE86F1287921990038B6EB /* MapView.swift */; };
		5AAE86F428792B5C0038B6EB /* landmarkData.json in Resources */ = {isa = PBXBuildFile; fileRef = 5AAE86F328792B5C0038B6EB /* landmarkData.json */; };
		5AAE86F728792B920038B6EB /* LandMark.swift in Sources */ = {isa = PBXBuildFile; fileRef = 5AAE86F628792B920038B6EB /* LandMark.swift */; };
		5AAE86FB28792D1E0038B6EB /* ModelData.swift in Sources */ = {isa = PBXBuildFile; fileRef = 5AAE86FA28792D1E0038B6EB /* ModelData.swift */; };
		5AAE86FD28792EAC0038B6EB /* LandmarkRow.swift in Sources */ = {isa = PBXBuildFile; fileRef = 5AAE86FC28792EAC0038B6EB /* LandmarkRow.swift */; };
		5AAE86FF287930BC0038B6EB /* LandmarkList.swift in Sources */ = {isa = PBXBuildFile; fileRef = 5AAE86FE287930BC0038B6EB /* LandmarkList.swift */; };
		5AAE8701287931BD0038B6EB /* LandmarkDetail.swift in Sources */ = {isa = PBXBuildFile; fileRef = 5AAE8700287931BD0038B6EB /* LandmarkDetail.swift */; };
		5AAE8703287963940038B6EB /* FavoriteButton.swift in Sources */ = {isa = PBXBuildFile; fileRef = 5AAE8702287963940038B6EB /* FavoriteButton.swift */; };
		5AEB5CCF2883AF3C00781892 /* HexagonParameters.swift in Sources */ = {isa = PBXBuildFile; fileRef = 5AEB5CCE2883AF3C00781892 /* HexagonParameters.swift */; };
		5AEB5CD12883B00300781892 /* BadgeBackground.swift in Sources */ = {isa = PBXBuildFile; fileRef = 5AEB5CD02883B00300781892 /* BadgeBackground.swift */; };
		5AEB5CD32883BDC600781892 /* BadgeSymbol.swift in Sources */ = {isa = PBXBuildFile; fileRef = 5AEB5CD22883BDC600781892 /* BadgeSymbol.swift */; };
		5AEB5CD72883C4B800781892 /* RotatedBadgeSymbol.swift in Sources */ = {isa = PBXBuildFile; fileRef = 5AEB5CD62883C4B800781892 /* RotatedBadgeSymbol.swift */; };
		5AEB5CD92883C51A00781892 /* Badge.swift in Sources */ = {isa = PBXBuildFile; fileRef = 5AEB5CD82883C51A00781892 /* Badge.swift */; };
		5AEB5CDC28844A3000781892 /* hikeData.json in Resources */ = {isa = PBXBuildFile; fileRef = 5AEB5CDB28844A3000781892 /* hikeData.json */; };
		5AEB5CDE28844A7A00781892 /* Hike.swift in Sources */ = {isa = PBXBuildFile; fileRef = 5AEB5CDD28844A7A00781892 /* Hike.swift */; };
		5AEB5CE428844D0900781892 /* GraphCapsule.swift in Sources */ = {isa = PBXBuildFile; fileRef = 5AEB5CE028844D0900781892 /* GraphCapsule.swift */; };
		5AEB5CE528844D0900781892 /* HikeGraph.swift in Sources */ = {isa = PBXBuildFile; fileRef = 5AEB5CE128844D0900781892 /* HikeGraph.swift */; };
		5AEB5CE628844D0900781892 /* HikeDetail.swift in Sources */ = {isa = PBXBuildFile; fileRef = 5AEB5CE228844D0900781892 /* HikeDetail.swift */; };
		5AEB5CE728844D0900781892 /* HikeView.swift in Sources */ = {isa = PBXBuildFile; fileRef = 5AEB5CE328844D0900781892 /* HikeView.swift */; };
		5AEB5CEA28845C5C00781892 /* CategoryHome.swift in Sources */ = {isa = PBXBuildFile; fileRef = 5AEB5CE928845C5C00781892 /* CategoryHome.swift */; };
		5AEB5CEC28845EB700781892 /* CategoryRow.swift in Sources */ = {isa = PBXBuildFile; fileRef = 5AEB5CEB28845EB700781892 /* CategoryRow.swift */; };
		5AEB5CEE288460B000781892 /* CategoryItem.swift in Sources */ = {isa = PBXBuildFile; fileRef = 5AEB5CED288460B000781892 /* CategoryItem.swift */; };
/* End PBXBuildFile section */

/* Begin PBXContainerItemProxy section */
		5AAE86D3287918770038B6EB /* PBXContainerItemProxy */ = {
			isa = PBXContainerItemProxy;
			containerPortal = 5AAE86BA287918750038B6EB /* Project object */;
			proxyType = 1;
			remoteGlobalIDString = 5AAE86C1287918750038B6EB;
			remoteInfo = LandMark;
		};
		5AAE86DD287918770038B6EB /* PBXContainerItemProxy */ = {
			isa = PBXContainerItemProxy;
			containerPortal = 5AAE86BA287918750038B6EB /* Project object */;
			proxyType = 1;
			remoteGlobalIDString = 5AAE86C1287918750038B6EB;
			remoteInfo = LandMark;
		};
/* End PBXContainerItemProxy section */

/* Begin PBXFileReference section */
		5AAE86C2287918750038B6EB /* LandMark.app */ = {isa = PBXFileReference; explicitFileType = wrapper.application; includeInIndex = 0; path = LandMark.app; sourceTree = BUILT_PRODUCTS_DIR; };
		5AAE86C5287918750038B6EB /* LandMarkApp.swift */ = {isa = PBXFileReference; lastKnownFileType = sourcecode.swift; path = LandMarkApp.swift; sourceTree = "<group>"; };
		5AAE86C7287918750038B6EB /* ContentView.swift */ = {isa = PBXFileReference; lastKnownFileType = sourcecode.swift; path = ContentView.swift; sourceTree = "<group>"; };
		5AAE86C9287918770038B6EB /* Assets.xcassets */ = {isa = PBXFileReference; lastKnownFileType = folder.assetcatalog; path = Assets.xcassets; sourceTree = "<group>"; };
		5AAE86CC287918770038B6EB /* Preview Assets.xcassets */ = {isa = PBXFileReference; lastKnownFileType = folder.assetcatalog; path = "Preview Assets.xcassets"; sourceTree = "<group>"; };
		5AAE86D2287918770038B6EB /* LandMarkTests.xctest */ = {isa = PBXFileReference; explicitFileType = wrapper.cfbundle; includeInIndex = 0; path = LandMarkTests.xctest; sourceTree = BUILT_PRODUCTS_DIR; };
		5AAE86D6287918770038B6EB /* LandMarkTests.swift */ = {isa = PBXFileReference; lastKnownFileType = sourcecode.swift; path = LandMarkTests.swift; sourceTree = "<group>"; };
		5AAE86DC287918770038B6EB /* LandMarkUITests.xctest */ = {isa = PBXFileReference; explicitFileType = wrapper.cfbundle; includeInIndex = 0; path = LandMarkUITests.xctest; sourceTree = BUILT_PRODUCTS_DIR; };
		5AAE86E0287918770038B6EB /* LandMarkUITests.swift */ = {isa = PBXFileReference; lastKnownFileType = sourcecode.swift; path = LandMarkUITests.swift; sourceTree = "<group>"; };
		5AAE86E2287918770038B6EB /* LandMarkUITestsLaunchTests.swift */ = {isa = PBXFileReference; lastKnownFileType = sourcecode.swift; path = LandMarkUITestsLaunchTests.swift; sourceTree = "<group>"; };
		5AAE86EF287920120038B6EB /* CircleImage.swift */ = {isa = PBXFileReference; lastKnownFileType = sourcecode.swift; path = CircleImage.swift; sourceTree = "<group>"; };
		5AAE86F1287921990038B6EB /* MapView.swift */ = {isa = PBXFileReference; lastKnownFileType = sourcecode.swift; path = MapView.swift; sourceTree = "<group>"; };
		5AAE86F328792B5C0038B6EB /* landmarkData.json */ = {isa = PBXFileReference; fileEncoding = 4; lastKnownFileType = text.json; path = landmarkData.json; sourceTree = "<group>"; };
		5AAE86F628792B920038B6EB /* LandMark.swift */ = {isa = PBXFileReference; lastKnownFileType = sourcecode.swift; path = LandMark.swift; sourceTree = "<group>"; };
		5AAE86FA28792D1E0038B6EB /* ModelData.swift */ = {isa = PBXFileReference; lastKnownFileType = sourcecode.swift; path = ModelData.swift; sourceTree = "<group>"; };
		5AAE86FC28792EAC0038B6EB /* LandmarkRow.swift */ = {isa = PBXFileReference; lastKnownFileType = sourcecode.swift; path = LandmarkRow.swift; sourceTree = "<group>"; };
		5AAE86FE287930BC0038B6EB /* LandmarkList.swift */ = {isa = PBXFileReference; lastKnownFileType = sourcecode.swift; path = LandmarkList.swift; sourceTree = "<group>"; };
		5AAE8700287931BD0038B6EB /* LandmarkDetail.swift */ = {isa = PBXFileReference; lastKnownFileType = sourcecode.swift; path = LandmarkDetail.swift; sourceTree = "<group>"; };
		5AAE8702287963940038B6EB /* FavoriteButton.swift */ = {isa = PBXFileReference; lastKnownFileType = sourcecode.swift; path = FavoriteButton.swift; sourceTree = "<group>"; };
		5AEB5CCE2883AF3C00781892 /* HexagonParameters.swift */ = {isa = PBXFileReference; lastKnownFileType = sourcecode.swift; path = HexagonParameters.swift; sourceTree = "<group>"; };
		5AEB5CD02883B00300781892 /* BadgeBackground.swift */ = {isa = PBXFileReference; lastKnownFileType = sourcecode.swift; path = BadgeBackground.swift; sourceTree = "<group>"; };
		5AEB5CD22883BDC600781892 /* BadgeSymbol.swift */ = {isa = PBXFileReference; lastKnownFileType = sourcecode.swift; path = BadgeSymbol.swift; sourceTree = "<group>"; };
		5AEB5CD62883C4B800781892 /* RotatedBadgeSymbol.swift */ = {isa = PBXFileReference; lastKnownFileType = sourcecode.swift; path = RotatedBadgeSymbol.swift; sourceTree = "<group>"; };
		5AEB5CD82883C51A00781892 /* Badge.swift */ = {isa = PBXFileReference; lastKnownFileType = sourcecode.swift; path = Badge.swift; sourceTree = "<group>"; };
		5AEB5CDB28844A3000781892 /* hikeData.json */ = {isa = PBXFileReference; fileEncoding = 4; lastKnownFileType = text.json; path = hikeData.json; sourceTree = "<group>"; };
		5AEB5CDD28844A7A00781892 /* Hike.swift */ = {isa = PBXFileReference; lastKnownFileType = sourcecode.swift; path = Hike.swift; sourceTree = "<group>"; };
		5AEB5CE028844D0900781892 /* GraphCapsule.swift */ = {isa = PBXFileReference; fileEncoding = 4; lastKnownFileType = sourcecode.swift; path = GraphCapsule.swift; sourceTree = "<group>"; };
		5AEB5CE128844D0900781892 /* HikeGraph.swift */ = {isa = PBXFileReference; fileEncoding = 4; lastKnownFileType = sourcecode.swift; path = HikeGraph.swift; sourceTree = "<group>"; };
		5AEB5CE228844D0900781892 /* HikeDetail.swift */ = {isa = PBXFileReference; fileEncoding = 4; lastKnownFileType = sourcecode.swift; path = HikeDetail.swift; sourceTree = "<group>"; };
		5AEB5CE328844D0900781892 /* HikeView.swift */ = {isa = PBXFileReference; fileEncoding = 4; lastKnownFileType = sourcecode.swift; path = HikeView.swift; sourceTree = "<group>"; };
		5AEB5CE928845C5C00781892 /* CategoryHome.swift */ = {isa = PBXFileReference; lastKnownFileType = sourcecode.swift; path = CategoryHome.swift; sourceTree = "<group>"; };
		5AEB5CEB28845EB700781892 /* CategoryRow.swift */ = {isa = PBXFileReference; lastKnownFileType = sourcecode.swift; path = CategoryRow.swift; sourceTree = "<group>"; };
		5AEB5CED288460B000781892 /* CategoryItem.swift */ = {isa = PBXFileReference; lastKnownFileType = sourcecode.swift; path = CategoryItem.swift; sourceTree = "<group>"; };
/* End PBXFileReference section */

/* Begin PBXFrameworksBuildPhase section */
		5AAE86BF287918750038B6EB /* Frameworks */ = {
			isa = PBXFrameworksBuildPhase;
			buildActionMask = 2147483647;
			files = (
			);
			runOnlyForDeploymentPostprocessing = 0;
		};
		5AAE86CF287918770038B6EB /* Frameworks */ = {
			isa = PBXFrameworksBuildPhase;
			buildActionMask = 2147483647;
			files = (
			);
			runOnlyForDeploymentPostprocessing = 0;
		};
		5AAE86D9287918770038B6EB /* Frameworks */ = {
			isa = PBXFrameworksBuildPhase;
			buildActionMask = 2147483647;
			files = (
			);
			runOnlyForDeploymentPostprocessing = 0;
		};
/* End PBXFrameworksBuildPhase section */

/* Begin PBXGroup section */
		5AAE86B9287918750038B6EB = {
			isa = PBXGroup;
			children = (
				5AAE86C4287918750038B6EB /* LandMark */,
				5AAE86D5287918770038B6EB /* LandMarkTests */,
				5AAE86DF287918770038B6EB /* LandMarkUITests */,
				5AAE86C3287918750038B6EB /* Products */,
			);
			sourceTree = "<group>";
		};
		5AAE86C3287918750038B6EB /* Products */ = {
			isa = PBXGroup;
			children = (
				5AAE86C2287918750038B6EB /* LandMark.app */,
				5AAE86D2287918770038B6EB /* LandMarkTests.xctest */,
				5AAE86DC287918770038B6EB /* LandMarkUITests.xctest */,
			);
			name = Products;
			sourceTree = "<group>";
		};
		5AAE86C4287918750038B6EB /* LandMark */ = {
			isa = PBXGroup;
			children = (
				5AAE86C5287918750038B6EB /* LandMarkApp.swift */,
				5AAE86F828792B990038B6EB /* Views */,
				5AEB5CDF28844D0900781892 /* Hikes */,
				5AAE86F928792BA70038B6EB /* Model */,
				5AAE86F528792B650038B6EB /* Resources */,
				5AAE86C9287918770038B6EB /* Assets.xcassets */,
				5AAE86CB287918770038B6EB /* Preview Content */,
			);
			path = LandMark;
			sourceTree = "<group>";
		};
		5AAE86CB287918770038B6EB /* Preview Content */ = {
			isa = PBXGroup;
			children = (
				5AAE86CC287918770038B6EB /* Preview Assets.xcassets */,
			);
			path = "Preview Content";
			sourceTree = "<group>";
		};
		5AAE86D5287918770038B6EB /* LandMarkTests */ = {
			isa = PBXGroup;
			children = (
				5AAE86D6287918770038B6EB /* LandMarkTests.swift */,
			);
			path = LandMarkTests;
			sourceTree = "<group>";
		};
		5AAE86DF287918770038B6EB /* LandMarkUITests */ = {
			isa = PBXGroup;
			children = (
				5AAE86E0287918770038B6EB /* LandMarkUITests.swift */,
				5AAE86E2287918770038B6EB /* LandMarkUITestsLaunchTests.swift */,
			);
			path = LandMarkUITests;
			sourceTree = "<group>";
		};
		5AAE86F528792B650038B6EB /* Resources */ = {
			isa = PBXGroup;
			children = (
				5AEB5CDB28844A3000781892 /* hikeData.json */,
				5AAE86F328792B5C0038B6EB /* landmarkData.json */,
			);
			path = Resources;
			sourceTree = "<group>";
		};
		5AAE86F828792B990038B6EB /* Views */ = {
			isa = PBXGroup;
			children = (
				5AAE86C7287918750038B6EB /* ContentView.swift */,
				5AEB5CE828845C4500781892 /* Categories */,
				5AAE8704287964920038B6EB /* Landmarks */,
				5AAE8705287964AF0038B6EB /* Helpers */,
				5AEB5CDA288447CD00781892 /* Badges */,
			);
			path = Views;
			sourceTree = "<group>";
		};
		5AAE86F928792BA70038B6EB /* Model */ = {
			isa = PBXGroup;
			children = (
				5AAE86F628792B920038B6EB /* LandMark.swift */,
				5AAE86FA28792D1E0038B6EB /* ModelData.swift */,
				5AEB5CDD28844A7A00781892 /* Hike.swift */,
			);
			path = Model;
			sourceTree = "<group>";
		};
		5AAE8704287964920038B6EB /* Landmarks */ = {
			isa = PBXGroup;
			children = (
				5AAE86FE287930BC0038B6EB /* LandmarkList.swift */,
				5AAE86FC28792EAC0038B6EB /* LandmarkRow.swift */,
				5AAE8700287931BD0038B6EB /* LandmarkDetail.swift */,
			);
			path = Landmarks;
			sourceTree = "<group>";
		};
		5AAE8705287964AF0038B6EB /* Helpers */ = {
			isa = PBXGroup;
			children = (
				5AAE86EF287920120038B6EB /* CircleImage.swift */,
				5AAE86F1287921990038B6EB /* MapView.swift */,
				5AAE8702287963940038B6EB /* FavoriteButton.swift */,
			);
			path = Helpers;
			sourceTree = "<group>";
		};
		5AEB5CDA288447CD00781892 /* Badges */ = {
			isa = PBXGroup;
			children = (
				5AEB5CCE2883AF3C00781892 /* HexagonParameters.swift */,
				5AEB5CD02883B00300781892 /* BadgeBackground.swift */,
				5AEB5CD22883BDC600781892 /* BadgeSymbol.swift */,
				5AEB5CD62883C4B800781892 /* RotatedBadgeSymbol.swift */,
				5AEB5CD82883C51A00781892 /* Badge.swift */,
			);
			path = Badges;
			sourceTree = "<group>";
		};
		5AEB5CDF28844D0900781892 /* Hikes */ = {
			isa = PBXGroup;
			children = (
				5AEB5CE028844D0900781892 /* GraphCapsule.swift */,
				5AEB5CE128844D0900781892 /* HikeGraph.swift */,
				5AEB5CE228844D0900781892 /* HikeDetail.swift */,
				5AEB5CE328844D0900781892 /* HikeView.swift */,
			);
			path = Hikes;
			sourceTree = "<group>";
		};
		5AEB5CE828845C4500781892 /* Categories */ = {
			isa = PBXGroup;
			children = (
				5AEB5CE928845C5C00781892 /* CategoryHome.swift */,
				5AEB5CEB28845EB700781892 /* CategoryRow.swift */,
				5AEB5CED288460B000781892 /* CategoryItem.swift */,
			);
			path = Categories;
			sourceTree = "<group>";
		};
/* End PBXGroup section */

/* Begin PBXNativeTarget section */
		5AAE86C1287918750038B6EB /* LandMark */ = {
			isa = PBXNativeTarget;
			buildConfigurationList = 5AAE86E6287918770038B6EB /* Build configuration list for PBXNativeTarget "LandMark" */;
			buildPhases = (
				5AAE86BE287918750038B6EB /* Sources */,
				5AAE86BF287918750038B6EB /* Frameworks */,
				5AAE86C0287918750038B6EB /* Resources */,
			);
			buildRules = (
			);
			dependencies = (
			);
			name = LandMark;
			productName = LandMark;
			productReference = 5AAE86C2287918750038B6EB /* LandMark.app */;
			productType = "com.apple.product-type.application";
		};
		5AAE86D1287918770038B6EB /* LandMarkTests */ = {
			isa = PBXNativeTarget;
			buildConfigurationList = 5AAE86E9287918770038B6EB /* Build configuration list for PBXNativeTarget "LandMarkTests" */;
			buildPhases = (
				5AAE86CE287918770038B6EB /* Sources */,
				5AAE86CF287918770038B6EB /* Frameworks */,
				5AAE86D0287918770038B6EB /* Resources */,
			);
			buildRules = (
			);
			dependencies = (
				5AAE86D4287918770038B6EB /* PBXTargetDependency */,
			);
			name = LandMarkTests;
			productName = LandMarkTests;
			productReference = 5AAE86D2287918770038B6EB /* LandMarkTests.xctest */;
			productType = "com.apple.product-type.bundle.unit-test";
		};
		5AAE86DB287918770038B6EB /* LandMarkUITests */ = {
			isa = PBXNativeTarget;
			buildConfigurationList = 5AAE86EC287918770038B6EB /* Build configuration list for PBXNativeTarget "LandMarkUITests" */;
			buildPhases = (
				5AAE86D8287918770038B6EB /* Sources */,
				5AAE86D9287918770038B6EB /* Frameworks */,
				5AAE86DA287918770038B6EB /* Resources */,
			);
			buildRules = (
			);
			dependencies = (
				5AAE86DE287918770038B6EB /* PBXTargetDependency */,
			);
			name = LandMarkUITests;
			productName = LandMarkUITests;
			productReference = 5AAE86DC287918770038B6EB /* LandMarkUITests.xctest */;
			productType = "com.apple.product-type.bundle.ui-testing";
		};
/* End PBXNativeTarget section */

/* Begin PBXProject section */
		5AAE86BA287918750038B6EB /* Project object */ = {
			isa = PBXProject;
			attributes = {
				BuildIndependentTargetsInParallel = 1;
				LastSwiftUpdateCheck = 1340;
				LastUpgradeCheck = 1340;
				TargetAttributes = {
					5AAE86C1287918750038B6EB = {
						CreatedOnToolsVersion = 13.4.1;
					};
					5AAE86D1287918770038B6EB = {
						CreatedOnToolsVersion = 13.4.1;
						TestTargetID = 5AAE86C1287918750038B6EB;
					};
					5AAE86DB287918770038B6EB = {
						CreatedOnToolsVersion = 13.4.1;
						TestTargetID = 5AAE86C1287918750038B6EB;
					};
				};
			};
			buildConfigurationList = 5AAE86BD287918750038B6EB /* Build configuration list for PBXProject "LandMark" */;
			compatibilityVersion = "Xcode 13.0";
			developmentRegion = en;
			hasScannedForEncodings = 0;
			knownRegions = (
				en,
				Base,
			);
			mainGroup = 5AAE86B9287918750038B6EB;
			productRefGroup = 5AAE86C3287918750038B6EB /* Products */;
			projectDirPath = "";
			projectRoot = "";
			targets = (
				5AAE86C1287918750038B6EB /* LandMark */,
				5AAE86D1287918770038B6EB /* LandMarkTests */,
				5AAE86DB287918770038B6EB /* LandMarkUITests */,
			);
		};
/* End PBXProject section */

/* Begin PBXResourcesBuildPhase section */
		5AAE86C0287918750038B6EB /* Resources */ = {
			isa = PBXResourcesBuildPhase;
			buildActionMask = 2147483647;
			files = (
				5AEB5CDC28844A3000781892 /* hikeData.json in Resources */,
				5AAE86CD287918770038B6EB /* Preview Assets.xcassets in Resources */,
				5AAE86CA287918770038B6EB /* Assets.xcassets in Resources */,
				5AAE86F428792B5C0038B6EB /* landmarkData.json in Resources */,
			);
			runOnlyForDeploymentPostprocessing = 0;
		};
		5AAE86D0287918770038B6EB /* Resources */ = {
			isa = PBXResourcesBuildPhase;
			buildActionMask = 2147483647;
			files = (
			);
			runOnlyForDeploymentPostprocessing = 0;
		};
		5AAE86DA287918770038B6EB /* Resources */ = {
			isa = PBXResourcesBuildPhase;
			buildActionMask = 2147483647;
			files = (
			);
			runOnlyForDeploymentPostprocessing = 0;
		};
/* End PBXResourcesBuildPhase section */

/* Begin PBXSourcesBuildPhase section */
		5AAE86BE287918750038B6EB /* Sources */ = {
			isa = PBXSourcesBuildPhase;
			buildActionMask = 2147483647;
			files = (
				5AEB5CEC28845EB700781892 /* CategoryRow.swift in Sources */,
				5AAE86C8287918750038B6EB /* ContentView.swift in Sources */,
				5AEB5CEA28845C5C00781892 /* CategoryHome.swift in Sources */,
				5AEB5CE528844D0900781892 /* HikeGraph.swift in Sources */,
				5AEB5CD92883C51A00781892 /* Badge.swift in Sources */,
				5AAE86F728792B920038B6EB /* LandMark.swift in Sources */,
				5AEB5CE428844D0900781892 /* GraphCapsule.swift in Sources */,
				5AAE86F2287921990038B6EB /* MapView.swift in Sources */,
				5AAE8703287963940038B6EB /* FavoriteButton.swift in Sources */,
				5AEB5CEE288460B000781892 /* CategoryItem.swift in Sources */,
				5AEB5CE628844D0900781892 /* HikeDetail.swift in Sources */,
				5AEB5CCF2883AF3C00781892 /* HexagonParameters.swift in Sources */,
				5AEB5CDE28844A7A00781892 /* Hike.swift in Sources */,
				5AEB5CD72883C4B800781892 /* RotatedBadgeSymbol.swift in Sources */,
				5AEB5CD32883BDC600781892 /* BadgeSymbol.swift in Sources */,
				5AAE86FF287930BC0038B6EB /* LandmarkList.swift in Sources */,
				5AEB5CE728844D0900781892 /* HikeView.swift in Sources */,
				5AAE86C6287918750038B6EB /* LandMarkApp.swift in Sources */,
				5AEB5CD12883B00300781892 /* BadgeBackground.swift in Sources */,
				5AAE86F0287920130038B6EB /* CircleImage.swift in Sources */,
				5AAE86FD28792EAC0038B6EB /* LandmarkRow.swift in Sources */,
				5AAE8701287931BD0038B6EB /* LandmarkDetail.swift in Sources */,
				5AAE86FB28792D1E0038B6EB /* ModelData.swift in Sources */,
			);
			runOnlyForDeploymentPostprocessing = 0;
		};
		5AAE86CE287918770038B6EB /* Sources */ = {
			isa = PBXSourcesBuildPhase;
			buildActionMask = 2147483647;
			files = (
				5AAE86D7287918770038B6EB /* LandMarkTests.swift in Sources */,
			);
			runOnlyForDeploymentPostprocessing = 0;
		};
		5AAE86D8287918770038B6EB /* Sources */ = {
			isa = PBXSourcesBuildPhase;
			buildActionMask = 2147483647;
			files = (
				5AAE86E3287918770038B6EB /* LandMarkUITestsLaunchTests.swift in Sources */,
				5AAE86E1287918770038B6EB /* LandMarkUITests.swift in Sources */,
			);
			runOnlyForDeploymentPostprocessing = 0;
		};
/* End PBXSourcesBuildPhase section */

/* Begin PBXTargetDependency section */
		5AAE86D4287918770038B6EB /* PBXTargetDependency */ = {
			isa = PBXTargetDependency;
			target = 5AAE86C1287918750038B6EB /* LandMark */;
			targetProxy = 5AAE86D3287918770038B6EB /* PBXContainerItemProxy */;
		};
		5AAE86DE287918770038B6EB /* PBXTargetDependency */ = {
			isa = PBXTargetDependency;
			target = 5AAE86C1287918750038B6EB /* LandMark */;
			targetProxy = 5AAE86DD287918770038B6EB /* PBXContainerItemProxy */;
		};
/* End PBXTargetDependency section */

/* Begin XCBuildConfiguration section */
		5AAE86E4287918770038B6EB /* Debug */ = {
			isa = XCBuildConfiguration;
			buildSettings = {
				ALWAYS_SEARCH_USER_PATHS = NO;
				CLANG_ANALYZER_NONNULL = YES;
				CLANG_ANALYZER_NUMBER_OBJECT_CONVERSION = YES_AGGRESSIVE;
				CLANG_CXX_LANGUAGE_STANDARD = "gnu++17";
				CLANG_ENABLE_MODULES = YES;
				CLANG_ENABLE_OBJC_ARC = YES;
				CLANG_ENABLE_OBJC_WEAK = YES;
				CLANG_WARN_BLOCK_CAPTURE_AUTORELEASING = YES;
				CLANG_WARN_BOOL_CONVERSION = YES;
				CLANG_WARN_COMMA = YES;
				CLANG_WARN_CONSTANT_CONVERSION = YES;
				CLANG_WARN_DEPRECATED_OBJC_IMPLEMENTATIONS = YES;
				CLANG_WARN_DIRECT_OBJC_ISA_USAGE = YES_ERROR;
				CLANG_WARN_DOCUMENTATION_COMMENTS = YES;
				CLANG_WARN_EMPTY_BODY = YES;
				CLANG_WARN_ENUM_CONVERSION = YES;
				CLANG_WARN_INFINITE_RECURSION = YES;
				CLANG_WARN_INT_CONVERSION = YES;
				CLANG_WARN_NON_LITERAL_NULL_CONVERSION = YES;
				CLANG_WARN_OBJC_IMPLICIT_RETAIN_SELF = YES;
				CLANG_WARN_OBJC_LITERAL_CONVERSION = YES;
				CLANG_WARN_OBJC_ROOT_CLASS = YES_ERROR;
				CLANG_WARN_QUOTED_INCLUDE_IN_FRAMEWORK_HEADER = YES;
				CLANG_WARN_RANGE_LOOP_ANALYSIS = YES;
				CLANG_WARN_STRICT_PROTOTYPES = YES;
				CLANG_WARN_SUSPICIOUS_MOVE = YES;
				CLANG_WARN_UNGUARDED_AVAILABILITY = YES_AGGRESSIVE;
				CLANG_WARN_UNREACHABLE_CODE = YES;
				CLANG_WARN__DUPLICATE_METHOD_MATCH = YES;
				COPY_PHASE_STRIP = NO;
				DEBUG_INFORMATION_FORMAT = dwarf;
				ENABLE_STRICT_OBJC_MSGSEND = YES;
				ENABLE_TESTABILITY = YES;
				GCC_C_LANGUAGE_STANDARD = gnu11;
				GCC_DYNAMIC_NO_PIC = NO;
				GCC_NO_COMMON_BLOCKS = YES;
				GCC_OPTIMIZATION_LEVEL = 0;
				GCC_PREPROCESSOR_DEFINITIONS = (
					"DEBUG=1",
					"$(inherited)",
				);
				GCC_WARN_64_TO_32_BIT_CONVERSION = YES;
				GCC_WARN_ABOUT_RETURN_TYPE = YES_ERROR;
				GCC_WARN_UNDECLARED_SELECTOR = YES;
				GCC_WARN_UNINITIALIZED_AUTOS = YES_AGGRESSIVE;
				GCC_WARN_UNUSED_FUNCTION = YES;
				GCC_WARN_UNUSED_VARIABLE = YES;
				IPHONEOS_DEPLOYMENT_TARGET = 15.5;
				MTL_ENABLE_DEBUG_INFO = INCLUDE_SOURCE;
				MTL_FAST_MATH = YES;
				ONLY_ACTIVE_ARCH = YES;
				SDKROOT = iphoneos;
				SWIFT_ACTIVE_COMPILATION_CONDITIONS = DEBUG;
				SWIFT_OPTIMIZATION_LEVEL = "-Onone";
			};
			name = Debug;
		};
		5AAE86E5287918770038B6EB /* Release */ = {
			isa = XCBuildConfiguration;
			buildSettings = {
				ALWAYS_SEARCH_USER_PATHS = NO;
				CLANG_ANALYZER_NONNULL = YES;
				CLANG_ANALYZER_NUMBER_OBJECT_CONVERSION = YES_AGGRESSIVE;
				CLANG_CXX_LANGUAGE_STANDARD = "gnu++17";
				CLANG_ENABLE_MODULES = YES;
				CLANG_ENABLE_OBJC_ARC = YES;
				CLANG_ENABLE_OBJC_WEAK = YES;
				CLANG_WARN_BLOCK_CAPTURE_AUTORELEASING = YES;
				CLANG_WARN_BOOL_CONVERSION = YES;
				CLANG_WARN_COMMA = YES;
				CLANG_WARN_CONSTANT_CONVERSION = YES;
				CLANG_WARN_DEPRECATED_OBJC_IMPLEMENTATIONS = YES;
				CLANG_WARN_DIRECT_OBJC_ISA_USAGE = YES_ERROR;
				CLANG_WARN_DOCUMENTATION_COMMENTS = YES;
				CLANG_WARN_EMPTY_BODY = YES;
				CLANG_WARN_ENUM_CONVERSION = YES;
				CLANG_WARN_INFINITE_RECURSION = YES;
				CLANG_WARN_INT_CONVERSION = YES;
				CLANG_WARN_NON_LITERAL_NULL_CONVERSION = YES;
				CLANG_WARN_OBJC_IMPLICIT_RETAIN_SELF = YES;
				CLANG_WARN_OBJC_LITERAL_CONVERSION = YES;
				CLANG_WARN_OBJC_ROOT_CLASS = YES_ERROR;
				CLANG_WARN_QUOTED_INCLUDE_IN_FRAMEWORK_HEADER = YES;
				CLANG_WARN_RANGE_LOOP_ANALYSIS = YES;
				CLANG_WARN_STRICT_PROTOTYPES = YES;
				CLANG_WARN_SUSPICIOUS_MOVE = YES;
				CLANG_WARN_UNGUARDED_AVAILABILITY = YES_AGGRESSIVE;
				CLANG_WARN_UNREACHABLE_CODE = YES;
				CLANG_WARN__DUPLICATE_METHOD_MATCH = YES;
				COPY_PHASE_STRIP = NO;
				DEBUG_INFORMATION_FORMAT = "dwarf-with-dsym";
				ENABLE_NS_ASSERTIONS = NO;
				ENABLE_STRICT_OBJC_MSGSEND = YES;
				GCC_C_LANGUAGE_STANDARD = gnu11;
				GCC_NO_COMMON_BLOCKS = YES;
				GCC_WARN_64_TO_32_BIT_CONVERSION = YES;
				GCC_WARN_ABOUT_RETURN_TYPE = YES_ERROR;
				GCC_WARN_UNDECLARED_SELECTOR = YES;
				GCC_WARN_UNINITIALIZED_AUTOS = YES_AGGRESSIVE;
				GCC_WARN_UNUSED_FUNCTION = YES;
				GCC_WARN_UNUSED_VARIABLE = YES;
				IPHONEOS_DEPLOYMENT_TARGET = 15.5;
				MTL_ENABLE_DEBUG_INFO = NO;
				MTL_FAST_MATH = YES;
				SDKROOT = iphoneos;
				SWIFT_COMPILATION_MODE = wholemodule;
				SWIFT_OPTIMIZATION_LEVEL = "-O";
				VALIDATE_PRODUCT = YES;
			};
			name = Release;
		};
		5AAE86E7287918770038B6EB /* Debug */ = {
			isa = XCBuildConfiguration;
			buildSettings = {
				ASSETCATALOG_COMPILER_APPICON_NAME = AppIcon;
				ASSETCATALOG_COMPILER_GLOBAL_ACCENT_COLOR_NAME = AccentColor;
				CODE_SIGN_STYLE = Automatic;
				CURRENT_PROJECT_VERSION = 1;
				DEVELOPMENT_ASSET_PATHS = "\"LandMark/Preview Content\"";
				DEVELOPMENT_TEAM = 33RP3GCK4M;
				ENABLE_PREVIEWS = YES;
				GENERATE_INFOPLIST_FILE = YES;
				INFOPLIST_KEY_UIApplicationSceneManifest_Generation = YES;
				INFOPLIST_KEY_UIApplicationSupportsIndirectInputEvents = YES;
				INFOPLIST_KEY_UILaunchScreen_Generation = YES;
				INFOPLIST_KEY_UISupportedInterfaceOrientations_iPad = "UIInterfaceOrientationPortrait UIInterfaceOrientationPortraitUpsideDown UIInterfaceOrientationLandscapeLeft UIInterfaceOrientationLandscapeRight";
				INFOPLIST_KEY_UISupportedInterfaceOrientations_iPhone = "UIInterfaceOrientationPortrait UIInterfaceOrientationLandscapeLeft UIInterfaceOrientationLandscapeRight";
				LD_RUNPATH_SEARCH_PATHS = (
					"$(inherited)",
					"@executable_path/Frameworks",
				);
				MARKETING_VERSION = 1.0;
				PRODUCT_BUNDLE_IDENTIFIER = "com.qq-304148116.LandMark";
				PRODUCT_NAME = "$(TARGET_NAME)";
				SWIFT_EMIT_LOC_STRINGS = YES;
				SWIFT_VERSION = 5.0;
				TARGETED_DEVICE_FAMILY = "1,2";
			};
			name = Debug;
		};
		5AAE86E8287918770038B6EB /* Release */ = {
			isa = XCBuildConfiguration;
			buildSettings = {
				ASSETCATALOG_COMPILER_APPICON_NAME = AppIcon;
				ASSETCATALOG_COMPILER_GLOBAL_ACCENT_COLOR_NAME = AccentColor;
				CODE_SIGN_STYLE = Automatic;
				CURRENT_PROJECT_VERSION = 1;
				DEVELOPMENT_ASSET_PATHS = "\"LandMark/Preview Content\"";
				DEVELOPMENT_TEAM = 33RP3GCK4M;
				ENABLE_PREVIEWS = YES;
				GENERATE_INFOPLIST_FILE = YES;
				INFOPLIST_KEY_UIApplicationSceneManifest_Generation = YES;
				INFOPLIST_KEY_UIApplicationSupportsIndirectInputEvents = YES;
				INFOPLIST_KEY_UILaunchScreen_Generation = YES;
				INFOPLIST_KEY_UISupportedInterfaceOrientations_iPad = "UIInterfaceOrientationPortrait UIInterfaceOrientationPortraitUpsideDown UIInterfaceOrientationLandscapeLeft UIInterfaceOrientationLandscapeRight";
				INFOPLIST_KEY_UISupportedInterfaceOrientations_iPhone = "UIInterfaceOrientationPortrait UIInterfaceOrientationLandscapeLeft UIInterfaceOrientationLandscapeRight";
				LD_RUNPATH_SEARCH_PATHS = (
					"$(inherited)",
					"@executable_path/Frameworks",
				);
				MARKETING_VERSION = 1.0;
				PRODUCT_BUNDLE_IDENTIFIER = "com.qq-304148116.LandMark";
				PRODUCT_NAME = "$(TARGET_NAME)";
				SWIFT_EMIT_LOC_STRINGS = YES;
				SWIFT_VERSION = 5.0;
				TARGETED_DEVICE_FAMILY = "1,2";
			};
			name = Release;
		};
		5AAE86EA287918770038B6EB /* Debug */ = {
			isa = XCBuildConfiguration;
			buildSettings = {
				ALWAYS_EMBED_SWIFT_STANDARD_LIBRARIES = YES;
				BUNDLE_LOADER = "$(TEST_HOST)";
				CODE_SIGN_STYLE = Automatic;
				CURRENT_PROJECT_VERSION = 1;
				DEVELOPMENT_TEAM = 33RP3GCK4M;
				GENERATE_INFOPLIST_FILE = YES;
				IPHONEOS_DEPLOYMENT_TARGET = 15.5;
				MARKETING_VERSION = 1.0;
				PRODUCT_BUNDLE_IDENTIFIER = "com.qq-304148116.LandMarkTests";
				PRODUCT_NAME = "$(TARGET_NAME)";
				SWIFT_EMIT_LOC_STRINGS = NO;
				SWIFT_VERSION = 5.0;
				TARGETED_DEVICE_FAMILY = "1,2";
				TEST_HOST = "$(BUILT_PRODUCTS_DIR)/LandMark.app/LandMark";
			};
			name = Debug;
		};
		5AAE86EB287918770038B6EB /* Release */ = {
			isa = XCBuildConfiguration;
			buildSettings = {
				ALWAYS_EMBED_SWIFT_STANDARD_LIBRARIES = YES;
				BUNDLE_LOADER = "$(TEST_HOST)";
				CODE_SIGN_STYLE = Automatic;
				CURRENT_PROJECT_VERSION = 1;
				DEVELOPMENT_TEAM = 33RP3GCK4M;
				GENERATE_INFOPLIST_FILE = YES;
				IPHONEOS_DEPLOYMENT_TARGET = 15.5;
				MARKETING_VERSION = 1.0;
				PRODUCT_BUNDLE_IDENTIFIER = "com.qq-304148116.LandMarkTests";
				PRODUCT_NAME = "$(TARGET_NAME)";
				SWIFT_EMIT_LOC_STRINGS = NO;
				SWIFT_VERSION = 5.0;
				TARGETED_DEVICE_FAMILY = "1,2";
				TEST_HOST = "$(BUILT_PRODUCTS_DIR)/LandMark.app/LandMark";
			};
			name = Release;
		};
		5AAE86ED287918770038B6EB /* Debug */ = {
			isa = XCBuildConfiguration;
			buildSettings = {
				ALWAYS_EMBED_SWIFT_STANDARD_LIBRARIES = YES;
				CODE_SIGN_STYLE = Automatic;
				CURRENT_PROJECT_VERSION = 1;
				DEVELOPMENT_TEAM = 33RP3GCK4M;
				GENERATE_INFOPLIST_FILE = YES;
				MARKETING_VERSION = 1.0;
				PRODUCT_BUNDLE_IDENTIFIER = "com.qq-304148116.LandMarkUITests";
				PRODUCT_NAME = "$(TARGET_NAME)";
				SWIFT_EMIT_LOC_STRINGS = NO;
				SWIFT_VERSION = 5.0;
				TARGETED_DEVICE_FAMILY = "1,2";
				TEST_TARGET_NAME = LandMark;
			};
			name = Debug;
		};
		5AAE86EE287918770038B6EB /* Release */ = {
			isa = XCBuildConfiguration;
			buildSettings = {
				ALWAYS_EMBED_SWIFT_STANDARD_LIBRARIES = YES;
				CODE_SIGN_STYLE = Automatic;
				CURRENT_PROJECT_VERSION = 1;
				DEVELOPMENT_TEAM = 33RP3GCK4M;
				GENERATE_INFOPLIST_FILE = YES;
				MARKETING_VERSION = 1.0;
				PRODUCT_BUNDLE_IDENTIFIER = "com.qq-304148116.LandMarkUITests";
				PRODUCT_NAME = "$(TARGET_NAME)";
				SWIFT_EMIT_LOC_STRINGS = NO;
				SWIFT_VERSION = 5.0;
				TARGETED_DEVICE_FAMILY = "1,2";
				TEST_TARGET_NAME = LandMark;
			};
			name = Release;
		};
/* End XCBuildConfiguration section */

/* Begin XCConfigurationList section */
		5AAE86BD287918750038B6EB /* Build configuration list for PBXProject "LandMark" */ = {
			isa = XCConfigurationList;
			buildConfigurations = (
				5AAE86E4287918770038B6EB /* Debug */,
				5AAE86E5287918770038B6EB /* Release */,
			);
			defaultConfigurationIsVisible = 0;
			defaultConfigurationName = Release;
		};
		5AAE86E6287918770038B6EB /* Build configuration list for PBXNativeTarget "LandMark" */ = {
			isa = XCConfigurationList;
			buildConfigurations = (
				5AAE86E7287918770038B6EB /* Debug */,
				5AAE86E8287918770038B6EB /* Release */,
			);
			defaultConfigurationIsVisible = 0;
			defaultConfigurationName = Release;
		};
		5AAE86E9287918770038B6EB /* Build configuration list for PBXNativeTarget "LandMarkTests" */ = {
			isa = XCConfigurationList;
			buildConfigurations = (
				5AAE86EA287918770038B6EB /* Debug */,
				5AAE86EB287918770038B6EB /* Release */,
			);
			defaultConfigurationIsVisible = 0;
			defaultConfigurationName = Release;
		};
		5AAE86EC287918770038B6EB /* Build configuration list for PBXNativeTarget "LandMarkUITests" */ = {
			isa = XCConfigurationList;
			buildConfigurations = (
				5AAE86ED287918770038B6EB /* Debug */,
				5AAE86EE287918770038B6EB /* Release */,
			);
			defaultConfigurationIsVisible = 0;
			defaultConfigurationName = Release;
		};
/* End XCConfigurationList section */
	};
	rootObject = 5AAE86BA287918750038B6EB /* Project object */;
}
